
Microsoft Visual Studio Solution File, Format Version 12.00
# Visual Studio 15
Project("{FAE04EC0-301F-11D3-BF4B-00C04F79EFBC}") = "IOSListTest", "IOSListTest\IOSListTest.csproj", "{59260257-5E34-4340-8B75-8D46A3CC1D28}"
EndProject
Global
	GlobalSection(SolutionConfigurationPlatforms) = preSolution
		Debug|iPhoneSimulator = Debug|iPhoneSimulator
		Release|iPhoneSimulator = Release|iPhoneSimulator
		Debug|iPhone = Debug|iPhone
		Release|iPhone = Release|iPhone
	EndGlobalSection
	GlobalSection(ProjectConfigurationPlatforms) = postSolution
		{59260257-5E34-4340-8B75-8D46A3CC1D28}.Debug|iPhoneSimulator.ActiveCfg = Debug|iPhoneSimulator
		{59260257-5E34-4340-8B75-8D46A3CC1D28}.Debug|iPhoneSimulator.Build.0 = Debug|iPhoneSimulator
		{59260257-5E34-4340-8B75-8D46A3CC1D28}.Release|iPhoneSimulator.ActiveCfg = Release|iPhoneSimulator
		{59260257-5E34-4340-8B75-8D46A3CC1D28}.Release|iPhoneSimulator.Build.0 = Release|iPhoneSimulator
		{59260257-5E34-4340-8B75-8D46A3CC1D28}.Debug|iPhone.ActiveCfg = Debug|iPhone
		{59260257-5E34-4340-8B75-8D46A3CC1D28}.Debug|iPhone.Build.0 = Debug|iPhone
		{59260257-5E34-4340-8B75-8D46A3CC1D28}.Release|iPhone.ActiveCfg = Release|iPhone
		{59260257-5E34-4340-8B75-8D46A3CC1D28}.Release|iPhone.Build.0 = Release|iPhone
	EndGlobalSection
EndGlobal
